
Microsoft Visual Studio Solution File, Format Version 12.00
# Visual Studio Version 17
VisualStudioVersion = 17.0.31903.59
MinimumVisualStudioVersion = 10.0.40219.1
Project("{FAE04EC0-301F-11D3-BF4B-00C04F79EFBC}") = "Core", "Core\Core.csproj", "{43688EED-23E4-4C58-8BB8-DAB2A9FEEA41}"
EndProject
Project("{FAE04EC0-301F-11D3-BF4B-00C04F79EFBC}") = "API", "API\API.csproj", "{65AE7B3D-A7A1-47E6-9A7F-5D4DE9D39D79}"
EndProject
Project("{FAE04EC0-301F-11D3-BF4B-00C04F79EFBC}") = "Services", "Services\Services.csproj", "{D1949422-235B-4305-B9FF-F52F7EBCC7E8}"
EndProject
Project("{FAE04EC0-301F-11D3-BF4B-00C04F79EFBC}") = "Data", "Data\Data.csproj", "{84C9871C-A7B6-4511-8AFA-6D72DF738922}"
EndProject
Global
	GlobalSection(SolutionConfigurationPlatforms) = preSolution
		Debug|Any CPU = Debug|Any CPU
		Debug|x64 = Debug|x64
		Debug|x86 = Debug|x86
		Release|Any CPU = Release|Any CPU
		Release|x64 = Release|x64
		Release|x86 = Release|x86
	EndGlobalSection
	GlobalSection(ProjectConfigurationPlatforms) = postSolution
		{43688EED-23E4-4C58-8BB8-DAB2A9FEEA41}.Debug|Any CPU.ActiveCfg = Debug|Any CPU
		{43688EED-23E4-4C58-8BB8-DAB2A9FEEA41}.Debug|Any CPU.Build.0 = Debug|Any CPU
		{43688EED-23E4-4C58-8BB8-DAB2A9FEEA41}.Debug|x64.ActiveCfg = Debug|Any CPU
		{43688EED-23E4-4C58-8BB8-DAB2A9FEEA41}.Debug|x64.Build.0 = Debug|Any CPU
		{43688EED-23E4-4C58-8BB8-DAB2A9FEEA41}.Debug|x86.ActiveCfg = Debug|Any CPU
		{43688EED-23E4-4C58-8BB8-DAB2A9FEEA41}.Debug|x86.Build.0 = Debug|Any CPU
		{43688EED-23E4-4C58-8BB8-DAB2A9FEEA41}.Release|Any CPU.ActiveCfg = Release|Any CPU
		{43688EED-23E4-4C58-8BB8-DAB2A9FEEA41}.Release|Any CPU.Build.0 = Release|Any CPU
		{43688EED-23E4-4C58-8BB8-DAB2A9FEEA41}.Release|x64.ActiveCfg = Release|Any CPU
		{43688EED-23E4-4C58-8BB8-DAB2A9FEEA41}.Release|x64.Build.0 = Release|Any CPU
		{43688EED-23E4-4C58-8BB8-DAB2A9FEEA41}.Release|x86.ActiveCfg = Release|Any CPU
		{43688EED-23E4-4C58-8BB8-DAB2A9FEEA41}.Release|x86.Build.0 = Release|Any CPU
		{65AE7B3D-A7A1-47E6-9A7F-5D4DE9D39D79}.Debug|Any CPU.ActiveCfg = Debug|Any CPU
		{65AE7B3D-A7A1-47E6-9A7F-5D4DE9D39D79}.Debug|Any CPU.Build.0 = Debug|Any CPU
		{65AE7B3D-A7A1-47E6-9A7F-5D4DE9D39D79}.Debug|x64.ActiveCfg = Debug|Any CPU
		{65AE7B3D-A7A1-47E6-9A7F-5D4DE9D39D79}.Debug|x64.Build.0 = Debug|Any CPU
		{65AE7B3D-A7A1-47E6-9A7F-5D4DE9D39D79}.Debug|x86.ActiveCfg = Debug|Any CPU
		{65AE7B3D-A7A1-47E6-9A7F-5D4DE9D39D79}.Debug|x86.Build.0 = Debug|Any CPU
		{65AE7B3D-A7A1-47E6-9A7F-5D4DE9D39D79}.Release|Any CPU.ActiveCfg = Release|Any CPU
		{65AE7B3D-A7A1-47E6-9A7F-5D4DE9D39D79}.Release|Any CPU.Build.0 = Release|Any CPU
		{65AE7B3D-A7A1-47E6-9A7F-5D4DE9D39D79}.Release|x64.ActiveCfg = Release|Any CPU
		{65AE7B3D-A7A1-47E6-9A7F-5D4DE9D39D79}.Release|x64.Build.0 = Release|Any CPU
		{65AE7B3D-A7A1-47E6-9A7F-5D4DE9D39D79}.Release|x86.ActiveCfg = Release|Any CPU
		{65AE7B3D-A7A1-47E6-9A7F-5D4DE9D39D79}.Release|x86.Build.0 = Release|Any CPU
		{D1949422-235B-4305-B9FF-F52F7EBCC7E8}.Debug|Any CPU.ActiveCfg = Debug|Any CPU
		{D1949422-235B-4305-B9FF-F52F7EBCC7E8}.Debug|Any CPU.Build.0 = Debug|Any CPU
		{D1949422-235B-4305-B9FF-F52F7EBCC7E8}.Debug|x64.ActiveCfg = Debug|Any CPU
		{D1949422-235B-4305-B9FF-F52F7EBCC7E8}.Debug|x64.Build.0 = Debug|Any CPU
		{D1949422-235B-4305-B9FF-F52F7EBCC7E8}.Debug|x86.ActiveCfg = Debug|Any CPU
		{D1949422-235B-4305-B9FF-F52F7EBCC7E8}.Debug|x86.Build.0 = Debug|Any CPU
		{D1949422-235B-4305-B9FF-F52F7EBCC7E8}.Release|Any CPU.ActiveCfg = Release|Any CPU
		{D1949422-235B-4305-B9FF-F52F7EBCC7E8}.Release|Any CPU.Build.0 = Release|Any CPU
		{D1949422-235B-4305-B9FF-F52F7EBCC7E8}.Release|x64.ActiveCfg = Release|Any CPU
		{D1949422-235B-4305-B9FF-F52F7EBCC7E8}.Release|x64.Build.0 = Release|Any CPU
		{D1949422-235B-4305-B9FF-F52F7EBCC7E8}.Release|x86.ActiveCfg = Release|Any CPU
		{D1949422-235B-4305-B9FF-F52F7EBCC7E8}.Release|x86.Build.0 = Release|Any CPU
		{84C9871C-A7B6-4511-8AFA-6D72DF738922}.Debug|Any CPU.ActiveCfg = Debug|Any CPU
		{84C9871C-A7B6-4511-8AFA-6D72DF738922}.Debug|Any CPU.Build.0 = Debug|Any CPU
		{84C9871C-A7B6-4511-8AFA-6D72DF738922}.Debug|x64.ActiveCfg = Debug|Any CPU
		{84C9871C-A7B6-4511-8AFA-6D72DF738922}.Debug|x64.Build.0 = Debug|Any CPU
		{84C9871C-A7B6-4511-8AFA-6D72DF738922}.Debug|x86.ActiveCfg = Debug|Any CPU
		{84C9871C-A7B6-4511-8AFA-6D72DF738922}.Debug|x86.Build.0 = Debug|Any CPU
		{84C9871C-A7B6-4511-8AFA-6D72DF738922}.Release|Any CPU.ActiveCfg = Release|Any CPU
		{84C9871C-A7B6-4511-8AFA-6D72DF738922}.Release|Any CPU.Build.0 = Release|Any CPU
		{84C9871C-A7B6-4511-8AFA-6D72DF738922}.Release|x64.ActiveCfg = Release|Any CPU
		{84C9871C-A7B6-4511-8AFA-6D72DF738922}.Release|x64.Build.0 = Release|Any CPU
		{84C9871C-A7B6-4511-8AFA-6D72DF738922}.Release|x86.ActiveCfg = Release|Any CPU
		{84C9871C-A7B6-4511-8AFA-6D72DF738922}.Release|x86.Build.0 = Release|Any CPU
	EndGlobalSection
	GlobalSection(SolutionProperties) = preSolution
		HideSolutionNode = FALSE
	EndGlobalSection
EndGlobal
